
Microsoft Visual Studio Solution File, Format Version 12.00
# Visual Studio Version 17
VisualStudioVersion = 17.7.34221.43
MinimumVisualStudioVersion = 10.0.40219.1
Project("{9A19103F-16F7-4668-BE54-9A1E7A4F7556}") = "dummy-compressor", "dummy-compressor.csproj", "{C8315650-D3FC-404B-915F-9A1F30767522}"
EndProject
Project("{FAE04EC0-301F-11D3-BF4B-00C04F79EFBC}") = "CompressTests", "..\CompressTests\CompressTests.csproj", "{99BF4E28-3503-48F7-850B-67BCF94181D3}"
EndProject
Global
	GlobalSection(SolutionConfigurationPlatforms) = preSolution
		Debug|Any CPU = Debug|Any CPU
		Release|Any CPU = Release|Any CPU
	EndGlobalSection
	GlobalSection(ProjectConfigurationPlatforms) = postSolution
		{C8315650-D3FC-404B-915F-9A1F30767522}.Debug|Any CPU.ActiveCfg = Debug|Any CPU
		{C8315650-D3FC-404B-915F-9A1F30767522}.Debug|Any CPU.Build.0 = Debug|Any CPU
		{C8315650-D3FC-404B-915F-9A1F30767522}.Release|Any CPU.ActiveCfg = Release|Any CPU
		{C8315650-D3FC-404B-915F-9A1F30767522}.Release|Any CPU.Build.0 = Release|Any CPU
		{99BF4E28-3503-48F7-850B-67BCF94181D3}.Debug|Any CPU.ActiveCfg = Debug|Any CPU
		{99BF4E28-3503-48F7-850B-67BCF94181D3}.Debug|Any CPU.Build.0 = Debug|Any CPU
		{99BF4E28-3503-48F7-850B-67BCF94181D3}.Release|Any CPU.ActiveCfg = Release|Any CPU
		{99BF4E28-3503-48F7-850B-67BCF94181D3}.Release|Any CPU.Build.0 = Release|Any CPU
	EndGlobalSection
	GlobalSection(SolutionProperties) = preSolution
		HideSolutionNode = FALSE
	EndGlobalSection
	GlobalSection(ExtensibilityGlobals) = postSolution
		SolutionGuid = {E634DCE5-BC63-42F4-BF3C-845E0B56D54C}
	EndGlobalSection
EndGlobal
